
Microsoft Visual Studio Solution File, Format Version 11.00
# Visual Studio 2010
Project("{FAE04EC0-301F-11D3-BF4B-00C04F79EFBC}") = "T0yK4T.Tools", "T0yK4T.Tools.csproj", "{77865037-FD3A-48F6-BCF5-4B8FB5F11A28}"
EndProject
Project("{FAE04EC0-301F-11D3-BF4B-00C04F79EFBC}") = "SkeinFish", "skeinfish\SkeinFish\SkeinFish\SkeinFish.csproj", "{F7C81EDE-7E55-4EAA-93FE-72885698E138}"
EndProject
Global
	GlobalSection(SolutionConfigurationPlatforms) = preSolution
		Debug|Any CPU = Debug|Any CPU
		Debug|x64 = Debug|x64
		Release|Any CPU = Release|Any CPU
		Release|x64 = Release|x64
	EndGlobalSection
	GlobalSection(ProjectConfigurationPlatforms) = postSolution
		{77865037-FD3A-48F6-BCF5-4B8FB5F11A28}.Debug|Any CPU.ActiveCfg = Debug|Any CPU
		{77865037-FD3A-48F6-BCF5-4B8FB5F11A28}.Debug|Any CPU.Build.0 = Debug|Any CPU
		{77865037-FD3A-48F6-BCF5-4B8FB5F11A28}.Debug|x64.ActiveCfg = Debug|x64
		{77865037-FD3A-48F6-BCF5-4B8FB5F11A28}.Debug|x64.Build.0 = Debug|x64
		{77865037-FD3A-48F6-BCF5-4B8FB5F11A28}.Release|Any CPU.ActiveCfg = Release|Any CPU
		{77865037-FD3A-48F6-BCF5-4B8FB5F11A28}.Release|Any CPU.Build.0 = Release|Any CPU
		{77865037-FD3A-48F6-BCF5-4B8FB5F11A28}.Release|x64.ActiveCfg = Release|x64
		{77865037-FD3A-48F6-BCF5-4B8FB5F11A28}.Release|x64.Build.0 = Release|x64
		{F7C81EDE-7E55-4EAA-93FE-72885698E138}.Debug|Any CPU.ActiveCfg = Debug|Any CPU
		{F7C81EDE-7E55-4EAA-93FE-72885698E138}.Debug|Any CPU.Build.0 = Debug|Any CPU
		{F7C81EDE-7E55-4EAA-93FE-72885698E138}.Debug|x64.ActiveCfg = Debug|Any CPU
		{F7C81EDE-7E55-4EAA-93FE-72885698E138}.Release|Any CPU.ActiveCfg = Release|Any CPU
		{F7C81EDE-7E55-4EAA-93FE-72885698E138}.Release|Any CPU.Build.0 = Release|Any CPU
		{F7C81EDE-7E55-4EAA-93FE-72885698E138}.Release|x64.ActiveCfg = Release|Any CPU
	EndGlobalSection
	GlobalSection(SolutionProperties) = preSolution
		HideSolutionNode = FALSE
	EndGlobalSection
EndGlobal
