
Microsoft Visual Studio Solution File, Format Version 11.00
# Visual Studio 2010
Project("{FAE04EC0-301F-11D3-BF4B-00C04F79EFBC}") = "T0yK4T.Tools", "T0yK4T.Tools\T0yK4T.Tools.csproj", "{1D510E0B-912C-4D24-9446-E96AE74F3C27}"
EndProject
Project("{FAE04EC0-301F-11D3-BF4B-00C04F79EFBC}") = "SkeinFish", "skeinfish\SkeinFish.csproj", "{447C6CB4-75D4-4E42-96CB-A4ABF2739805}"
EndProject
Project("{FAE04EC0-301F-11D3-BF4B-00C04F79EFBC}") = "protobuf-net", "protobuf-net\protobuf-net.csproj", "{2A9344F0-9E8B-416F-A604-C975F2E7BE5B}"
EndProject
Project("{2150E333-8FDC-42A3-9474-1A3956D46DE8}") = "External Code", "External Code", "{67FC117E-C7EC-4B7C-B105-D76E11435E06}"
EndProject
Project("{FAE04EC0-301F-11D3-BF4B-00C04F79EFBC}") = "T0yK4T.Threading", "T0yK4T.Threading\T0yK4T.Threading.csproj", "{E4A9F394-B618-4F50-8D42-5EC04E5A1683}"
EndProject
Project("{FAE04EC0-301F-11D3-BF4B-00C04F79EFBC}") = "T0yK4T.IO", "T0yK4T.IO\T0yK4T.IO.csproj", "{54DA2E75-527D-435F-9712-C94A9E312ABA}"
EndProject
Project("{FAE04EC0-301F-11D3-BF4B-00C04F79EFBC}") = "T0yK4T.Data", "T0yK4T.Data\T0yK4T.Data.csproj", "{CE9EA20D-F39B-4F28-B17E-A4972D1F2C2C}"
EndProject
Project("{FAE04EC0-301F-11D3-BF4B-00C04F79EFBC}") = "T0yK4T.Cryptography", "T0yK4T.Cryptography\T0yK4T.Cryptography.csproj", "{DFE22FA4-978C-4113-9F0A-F2FDC717A508}"
EndProject
Project("{FAE04EC0-301F-11D3-BF4B-00C04F79EFBC}") = "T0yK4T.Configuration", "T0yK4T.Configuration\T0yK4T.Configuration.csproj", "{F4CBE8EF-FDDB-46E1-BBBB-E081136F33C7}"
EndProject
Project("{2150E333-8FDC-42A3-9474-1A3956D46DE8}") = "Lib", "Lib", "{B1DAD8E4-9993-4087-9025-46576EA78ABB}"
EndProject
Project("{2150E333-8FDC-42A3-9474-1A3956D46DE8}") = "!Projects", "!Projects", "{DB763CA9-15C1-4324-A0D3-8141124DA8C2}"
EndProject
Project("{FAE04EC0-301F-11D3-BF4B-00C04F79EFBC}") = "Hasherer", "Hasherer\Hasherer.csproj", "{9AE6C898-D2C8-4104-BC3F-8BB07C143C1E}"
EndProject
Project("{FAE04EC0-301F-11D3-BF4B-00C04F79EFBC}") = "HashererLib", "HashererLib\HashererLib.csproj", "{73A39EBC-2060-485F-99C2-7C0EE8F89AC7}"
EndProject
Project("{FAE04EC0-301F-11D3-BF4B-00C04F79EFBC}") = "T0yK4T.Sound", "T0yK4T.Sound\T0yK4T.Sound.csproj", "{1022DF95-D4B0-45D9-BE7F-57C4832A3B6E}"
EndProject
Project("{FAE04EC0-301F-11D3-BF4B-00C04F79EFBC}") = "FMOD", "FMOD\FMOD.csproj", "{41C46592-B6C1-474F-A09E-E2A68E63F90D}"
EndProject
Project("{FAE04EC0-301F-11D3-BF4B-00C04F79EFBC}") = "HashProvider.Skein", "HashProvider.Skein\HashProvider.Skein.csproj", "{F7FF8C72-1AD6-4066-AD57-38D67088E787}"
EndProject
Project("{FAE04EC0-301F-11D3-BF4B-00C04F79EFBC}") = "T0yK4T.WPFTools", "T0yK4T.WPFTools\T0yK4T.WPFTools.csproj", "{3643A054-9A6E-4EBE-B688-8A591131E6F5}"
EndProject
Global
	GlobalSection(SolutionConfigurationPlatforms) = preSolution
		Debug|Any CPU = Debug|Any CPU
		Debug|x64 = Debug|x64
		Debug|x86 = Debug|x86
		Release|Any CPU = Release|Any CPU
		Release|x64 = Release|x64
		Release|x86 = Release|x86
	EndGlobalSection
	GlobalSection(ProjectConfigurationPlatforms) = postSolution
		{1D510E0B-912C-4D24-9446-E96AE74F3C27}.Debug|Any CPU.ActiveCfg = Debug|Any CPU
		{1D510E0B-912C-4D24-9446-E96AE74F3C27}.Debug|Any CPU.Build.0 = Debug|Any CPU
		{1D510E0B-912C-4D24-9446-E96AE74F3C27}.Debug|x64.ActiveCfg = Debug|x64
		{1D510E0B-912C-4D24-9446-E96AE74F3C27}.Debug|x64.Build.0 = Debug|x64
		{1D510E0B-912C-4D24-9446-E96AE74F3C27}.Debug|x86.ActiveCfg = Debug|x86
		{1D510E0B-912C-4D24-9446-E96AE74F3C27}.Debug|x86.Build.0 = Debug|x86
		{1D510E0B-912C-4D24-9446-E96AE74F3C27}.Release|Any CPU.ActiveCfg = Release|Any CPU
		{1D510E0B-912C-4D24-9446-E96AE74F3C27}.Release|Any CPU.Build.0 = Release|Any CPU
		{1D510E0B-912C-4D24-9446-E96AE74F3C27}.Release|x64.ActiveCfg = Release|x64
		{1D510E0B-912C-4D24-9446-E96AE74F3C27}.Release|x64.Build.0 = Release|x64
		{1D510E0B-912C-4D24-9446-E96AE74F3C27}.Release|x86.ActiveCfg = Release|x86
		{1D510E0B-912C-4D24-9446-E96AE74F3C27}.Release|x86.Build.0 = Release|x86
		{447C6CB4-75D4-4E42-96CB-A4ABF2739805}.Debug|Any CPU.ActiveCfg = Debug|Any CPU
		{447C6CB4-75D4-4E42-96CB-A4ABF2739805}.Debug|Any CPU.Build.0 = Debug|Any CPU
		{447C6CB4-75D4-4E42-96CB-A4ABF2739805}.Debug|x64.ActiveCfg = Debug|x64
		{447C6CB4-75D4-4E42-96CB-A4ABF2739805}.Debug|x64.Build.0 = Debug|x64
		{447C6CB4-75D4-4E42-96CB-A4ABF2739805}.Debug|x86.ActiveCfg = Debug|x86
		{447C6CB4-75D4-4E42-96CB-A4ABF2739805}.Debug|x86.Build.0 = Debug|x86
		{447C6CB4-75D4-4E42-96CB-A4ABF2739805}.Release|Any CPU.ActiveCfg = Release|Any CPU
		{447C6CB4-75D4-4E42-96CB-A4ABF2739805}.Release|Any CPU.Build.0 = Release|Any CPU
		{447C6CB4-75D4-4E42-96CB-A4ABF2739805}.Release|x64.ActiveCfg = Release|x64
		{447C6CB4-75D4-4E42-96CB-A4ABF2739805}.Release|x64.Build.0 = Release|x64
		{447C6CB4-75D4-4E42-96CB-A4ABF2739805}.Release|x86.ActiveCfg = Release|x86
		{447C6CB4-75D4-4E42-96CB-A4ABF2739805}.Release|x86.Build.0 = Release|x86
		{2A9344F0-9E8B-416F-A604-C975F2E7BE5B}.Debug|Any CPU.ActiveCfg = Debug|Any CPU
		{2A9344F0-9E8B-416F-A604-C975F2E7BE5B}.Debug|Any CPU.Build.0 = Debug|Any CPU
		{2A9344F0-9E8B-416F-A604-C975F2E7BE5B}.Debug|x64.ActiveCfg = Debug|x64
		{2A9344F0-9E8B-416F-A604-C975F2E7BE5B}.Debug|x64.Build.0 = Debug|x64
		{2A9344F0-9E8B-416F-A604-C975F2E7BE5B}.Debug|x86.ActiveCfg = Debug|x86
		{2A9344F0-9E8B-416F-A604-C975F2E7BE5B}.Debug|x86.Build.0 = Debug|x86
		{2A9344F0-9E8B-416F-A604-C975F2E7BE5B}.Release|Any CPU.ActiveCfg = Release|Any CPU
		{2A9344F0-9E8B-416F-A604-C975F2E7BE5B}.Release|Any CPU.Build.0 = Release|Any CPU
		{2A9344F0-9E8B-416F-A604-C975F2E7BE5B}.Release|x64.ActiveCfg = Release|x64
		{2A9344F0-9E8B-416F-A604-C975F2E7BE5B}.Release|x64.Build.0 = Release|x64
		{2A9344F0-9E8B-416F-A604-C975F2E7BE5B}.Release|x86.ActiveCfg = Release|x86
		{2A9344F0-9E8B-416F-A604-C975F2E7BE5B}.Release|x86.Build.0 = Release|x86
		{E4A9F394-B618-4F50-8D42-5EC04E5A1683}.Debug|Any CPU.ActiveCfg = Debug|Any CPU
		{E4A9F394-B618-4F50-8D42-5EC04E5A1683}.Debug|Any CPU.Build.0 = Debug|Any CPU
		{E4A9F394-B618-4F50-8D42-5EC04E5A1683}.Debug|x64.ActiveCfg = Debug|x64
		{E4A9F394-B618-4F50-8D42-5EC04E5A1683}.Debug|x64.Build.0 = Debug|x64
		{E4A9F394-B618-4F50-8D42-5EC04E5A1683}.Debug|x86.ActiveCfg = Debug|x86
		{E4A9F394-B618-4F50-8D42-5EC04E5A1683}.Debug|x86.Build.0 = Debug|x86
		{E4A9F394-B618-4F50-8D42-5EC04E5A1683}.Release|Any CPU.ActiveCfg = Release|Any CPU
		{E4A9F394-B618-4F50-8D42-5EC04E5A1683}.Release|Any CPU.Build.0 = Release|Any CPU
		{E4A9F394-B618-4F50-8D42-5EC04E5A1683}.Release|x64.ActiveCfg = Release|x64
		{E4A9F394-B618-4F50-8D42-5EC04E5A1683}.Release|x64.Build.0 = Release|x64
		{E4A9F394-B618-4F50-8D42-5EC04E5A1683}.Release|x86.ActiveCfg = Release|x86
		{E4A9F394-B618-4F50-8D42-5EC04E5A1683}.Release|x86.Build.0 = Release|x86
		{54DA2E75-527D-435F-9712-C94A9E312ABA}.Debug|Any CPU.ActiveCfg = Debug|Any CPU
		{54DA2E75-527D-435F-9712-C94A9E312ABA}.Debug|Any CPU.Build.0 = Debug|Any CPU
		{54DA2E75-527D-435F-9712-C94A9E312ABA}.Debug|x64.ActiveCfg = Debug|x64
		{54DA2E75-527D-435F-9712-C94A9E312ABA}.Debug|x64.Build.0 = Debug|x64
		{54DA2E75-527D-435F-9712-C94A9E312ABA}.Debug|x86.ActiveCfg = Debug|x86
		{54DA2E75-527D-435F-9712-C94A9E312ABA}.Debug|x86.Build.0 = Debug|x86
		{54DA2E75-527D-435F-9712-C94A9E312ABA}.Release|Any CPU.ActiveCfg = Release|Any CPU
		{54DA2E75-527D-435F-9712-C94A9E312ABA}.Release|Any CPU.Build.0 = Release|Any CPU
		{54DA2E75-527D-435F-9712-C94A9E312ABA}.Release|x64.ActiveCfg = Release|x64
		{54DA2E75-527D-435F-9712-C94A9E312ABA}.Release|x64.Build.0 = Release|x64
		{54DA2E75-527D-435F-9712-C94A9E312ABA}.Release|x86.ActiveCfg = Release|x86
		{54DA2E75-527D-435F-9712-C94A9E312ABA}.Release|x86.Build.0 = Release|x86
		{CE9EA20D-F39B-4F28-B17E-A4972D1F2C2C}.Debug|Any CPU.ActiveCfg = Debug|Any CPU
		{CE9EA20D-F39B-4F28-B17E-A4972D1F2C2C}.Debug|Any CPU.Build.0 = Debug|Any CPU
		{CE9EA20D-F39B-4F28-B17E-A4972D1F2C2C}.Debug|x64.ActiveCfg = Debug|x64
		{CE9EA20D-F39B-4F28-B17E-A4972D1F2C2C}.Debug|x64.Build.0 = Debug|x64
		{CE9EA20D-F39B-4F28-B17E-A4972D1F2C2C}.Debug|x86.ActiveCfg = Debug|x86
		{CE9EA20D-F39B-4F28-B17E-A4972D1F2C2C}.Debug|x86.Build.0 = Debug|x86
		{CE9EA20D-F39B-4F28-B17E-A4972D1F2C2C}.Release|Any CPU.ActiveCfg = Release|Any CPU
		{CE9EA20D-F39B-4F28-B17E-A4972D1F2C2C}.Release|Any CPU.Build.0 = Release|Any CPU
		{CE9EA20D-F39B-4F28-B17E-A4972D1F2C2C}.Release|x64.ActiveCfg = Release|x64
		{CE9EA20D-F39B-4F28-B17E-A4972D1F2C2C}.Release|x64.Build.0 = Release|x64
		{CE9EA20D-F39B-4F28-B17E-A4972D1F2C2C}.Release|x86.ActiveCfg = Release|x86
		{CE9EA20D-F39B-4F28-B17E-A4972D1F2C2C}.Release|x86.Build.0 = Release|x86
		{DFE22FA4-978C-4113-9F0A-F2FDC717A508}.Debug|Any CPU.ActiveCfg = Debug|Any CPU
		{DFE22FA4-978C-4113-9F0A-F2FDC717A508}.Debug|Any CPU.Build.0 = Debug|Any CPU
		{DFE22FA4-978C-4113-9F0A-F2FDC717A508}.Debug|x64.ActiveCfg = Debug|x64
		{DFE22FA4-978C-4113-9F0A-F2FDC717A508}.Debug|x64.Build.0 = Debug|x64
		{DFE22FA4-978C-4113-9F0A-F2FDC717A508}.Debug|x86.ActiveCfg = Debug|x86
		{DFE22FA4-978C-4113-9F0A-F2FDC717A508}.Debug|x86.Build.0 = Debug|x86
		{DFE22FA4-978C-4113-9F0A-F2FDC717A508}.Release|Any CPU.ActiveCfg = Release|Any CPU
		{DFE22FA4-978C-4113-9F0A-F2FDC717A508}.Release|Any CPU.Build.0 = Release|Any CPU
		{DFE22FA4-978C-4113-9F0A-F2FDC717A508}.Release|x64.ActiveCfg = Release|x64
		{DFE22FA4-978C-4113-9F0A-F2FDC717A508}.Release|x64.Build.0 = Release|x64
		{DFE22FA4-978C-4113-9F0A-F2FDC717A508}.Release|x86.ActiveCfg = Release|x86
		{DFE22FA4-978C-4113-9F0A-F2FDC717A508}.Release|x86.Build.0 = Release|x86
		{F4CBE8EF-FDDB-46E1-BBBB-E081136F33C7}.Debug|Any CPU.ActiveCfg = Debug|Any CPU
		{F4CBE8EF-FDDB-46E1-BBBB-E081136F33C7}.Debug|Any CPU.Build.0 = Debug|Any CPU
		{F4CBE8EF-FDDB-46E1-BBBB-E081136F33C7}.Debug|x64.ActiveCfg = Debug|x64
		{F4CBE8EF-FDDB-46E1-BBBB-E081136F33C7}.Debug|x64.Build.0 = Debug|x64
		{F4CBE8EF-FDDB-46E1-BBBB-E081136F33C7}.Debug|x86.ActiveCfg = Debug|x86
		{F4CBE8EF-FDDB-46E1-BBBB-E081136F33C7}.Debug|x86.Build.0 = Debug|x86
		{F4CBE8EF-FDDB-46E1-BBBB-E081136F33C7}.Release|Any CPU.ActiveCfg = Release|Any CPU
		{F4CBE8EF-FDDB-46E1-BBBB-E081136F33C7}.Release|Any CPU.Build.0 = Release|Any CPU
		{F4CBE8EF-FDDB-46E1-BBBB-E081136F33C7}.Release|x64.ActiveCfg = Release|x64
		{F4CBE8EF-FDDB-46E1-BBBB-E081136F33C7}.Release|x64.Build.0 = Release|x64
		{F4CBE8EF-FDDB-46E1-BBBB-E081136F33C7}.Release|x86.ActiveCfg = Release|x86
		{F4CBE8EF-FDDB-46E1-BBBB-E081136F33C7}.Release|x86.Build.0 = Release|x86
		{9AE6C898-D2C8-4104-BC3F-8BB07C143C1E}.Debug|Any CPU.ActiveCfg = Debug|Any CPU
		{9AE6C898-D2C8-4104-BC3F-8BB07C143C1E}.Debug|Any CPU.Build.0 = Debug|Any CPU
		{9AE6C898-D2C8-4104-BC3F-8BB07C143C1E}.Debug|x64.ActiveCfg = Debug|x64
		{9AE6C898-D2C8-4104-BC3F-8BB07C143C1E}.Debug|x64.Build.0 = Debug|x64
		{9AE6C898-D2C8-4104-BC3F-8BB07C143C1E}.Debug|x86.ActiveCfg = Debug|x86
		{9AE6C898-D2C8-4104-BC3F-8BB07C143C1E}.Debug|x86.Build.0 = Debug|x86
		{9AE6C898-D2C8-4104-BC3F-8BB07C143C1E}.Release|Any CPU.ActiveCfg = Release|Any CPU
		{9AE6C898-D2C8-4104-BC3F-8BB07C143C1E}.Release|Any CPU.Build.0 = Release|Any CPU
		{9AE6C898-D2C8-4104-BC3F-8BB07C143C1E}.Release|x64.ActiveCfg = Release|x64
		{9AE6C898-D2C8-4104-BC3F-8BB07C143C1E}.Release|x64.Build.0 = Release|x64
		{9AE6C898-D2C8-4104-BC3F-8BB07C143C1E}.Release|x86.ActiveCfg = Release|x86
		{9AE6C898-D2C8-4104-BC3F-8BB07C143C1E}.Release|x86.Build.0 = Release|x86
		{73A39EBC-2060-485F-99C2-7C0EE8F89AC7}.Debug|Any CPU.ActiveCfg = Debug|Any CPU
		{73A39EBC-2060-485F-99C2-7C0EE8F89AC7}.Debug|Any CPU.Build.0 = Debug|Any CPU
		{73A39EBC-2060-485F-99C2-7C0EE8F89AC7}.Debug|x64.ActiveCfg = Debug|x64
		{73A39EBC-2060-485F-99C2-7C0EE8F89AC7}.Debug|x64.Build.0 = Debug|x64
		{73A39EBC-2060-485F-99C2-7C0EE8F89AC7}.Debug|x86.ActiveCfg = Debug|x86
		{73A39EBC-2060-485F-99C2-7C0EE8F89AC7}.Debug|x86.Build.0 = Debug|x86
		{73A39EBC-2060-485F-99C2-7C0EE8F89AC7}.Release|Any CPU.ActiveCfg = Release|Any CPU
		{73A39EBC-2060-485F-99C2-7C0EE8F89AC7}.Release|Any CPU.Build.0 = Release|Any CPU
		{73A39EBC-2060-485F-99C2-7C0EE8F89AC7}.Release|x64.ActiveCfg = Release|x64
		{73A39EBC-2060-485F-99C2-7C0EE8F89AC7}.Release|x64.Build.0 = Release|x64
		{73A39EBC-2060-485F-99C2-7C0EE8F89AC7}.Release|x86.ActiveCfg = Release|x86
		{73A39EBC-2060-485F-99C2-7C0EE8F89AC7}.Release|x86.Build.0 = Release|x86
		{1022DF95-D4B0-45D9-BE7F-57C4832A3B6E}.Debug|Any CPU.ActiveCfg = Debug|Any CPU
		{1022DF95-D4B0-45D9-BE7F-57C4832A3B6E}.Debug|Any CPU.Build.0 = Debug|Any CPU
		{1022DF95-D4B0-45D9-BE7F-57C4832A3B6E}.Debug|x64.ActiveCfg = Debug|x64
		{1022DF95-D4B0-45D9-BE7F-57C4832A3B6E}.Debug|x64.Build.0 = Debug|x64
		{1022DF95-D4B0-45D9-BE7F-57C4832A3B6E}.Debug|x86.ActiveCfg = Debug|x86
		{1022DF95-D4B0-45D9-BE7F-57C4832A3B6E}.Debug|x86.Build.0 = Debug|x86
		{1022DF95-D4B0-45D9-BE7F-57C4832A3B6E}.Release|Any CPU.ActiveCfg = Release|Any CPU
		{1022DF95-D4B0-45D9-BE7F-57C4832A3B6E}.Release|Any CPU.Build.0 = Release|Any CPU
		{1022DF95-D4B0-45D9-BE7F-57C4832A3B6E}.Release|x64.ActiveCfg = Release|x64
		{1022DF95-D4B0-45D9-BE7F-57C4832A3B6E}.Release|x64.Build.0 = Release|x64
		{1022DF95-D4B0-45D9-BE7F-57C4832A3B6E}.Release|x86.ActiveCfg = Release|x86
		{1022DF95-D4B0-45D9-BE7F-57C4832A3B6E}.Release|x86.Build.0 = Release|x86
		{41C46592-B6C1-474F-A09E-E2A68E63F90D}.Debug|Any CPU.ActiveCfg = Debug|Any CPU
		{41C46592-B6C1-474F-A09E-E2A68E63F90D}.Debug|Any CPU.Build.0 = Debug|Any CPU
		{41C46592-B6C1-474F-A09E-E2A68E63F90D}.Debug|x64.ActiveCfg = Debug|x64
		{41C46592-B6C1-474F-A09E-E2A68E63F90D}.Debug|x64.Build.0 = Debug|x64
		{41C46592-B6C1-474F-A09E-E2A68E63F90D}.Debug|x86.ActiveCfg = Debug|x86
		{41C46592-B6C1-474F-A09E-E2A68E63F90D}.Debug|x86.Build.0 = Debug|x86
		{41C46592-B6C1-474F-A09E-E2A68E63F90D}.Release|Any CPU.ActiveCfg = Release|Any CPU
		{41C46592-B6C1-474F-A09E-E2A68E63F90D}.Release|Any CPU.Build.0 = Release|Any CPU
		{41C46592-B6C1-474F-A09E-E2A68E63F90D}.Release|x64.ActiveCfg = Release|x64
		{41C46592-B6C1-474F-A09E-E2A68E63F90D}.Release|x64.Build.0 = Release|x64
		{41C46592-B6C1-474F-A09E-E2A68E63F90D}.Release|x86.ActiveCfg = Release|x86
		{41C46592-B6C1-474F-A09E-E2A68E63F90D}.Release|x86.Build.0 = Release|x86
		{F7FF8C72-1AD6-4066-AD57-38D67088E787}.Debug|Any CPU.ActiveCfg = Debug|Any CPU
		{F7FF8C72-1AD6-4066-AD57-38D67088E787}.Debug|Any CPU.Build.0 = Debug|Any CPU
		{F7FF8C72-1AD6-4066-AD57-38D67088E787}.Debug|x64.ActiveCfg = Debug|x64
		{F7FF8C72-1AD6-4066-AD57-38D67088E787}.Debug|x64.Build.0 = Debug|x64
		{F7FF8C72-1AD6-4066-AD57-38D67088E787}.Debug|x86.ActiveCfg = Debug|x86
		{F7FF8C72-1AD6-4066-AD57-38D67088E787}.Debug|x86.Build.0 = Debug|x86
		{F7FF8C72-1AD6-4066-AD57-38D67088E787}.Release|Any CPU.ActiveCfg = Release|Any CPU
		{F7FF8C72-1AD6-4066-AD57-38D67088E787}.Release|Any CPU.Build.0 = Release|Any CPU
		{F7FF8C72-1AD6-4066-AD57-38D67088E787}.Release|x64.ActiveCfg = Release|x64
		{F7FF8C72-1AD6-4066-AD57-38D67088E787}.Release|x64.Build.0 = Release|x64
		{F7FF8C72-1AD6-4066-AD57-38D67088E787}.Release|x86.ActiveCfg = Release|x86
		{F7FF8C72-1AD6-4066-AD57-38D67088E787}.Release|x86.Build.0 = Release|x86
		{3643A054-9A6E-4EBE-B688-8A591131E6F5}.Debug|Any CPU.ActiveCfg = Debug|Any CPU
		{3643A054-9A6E-4EBE-B688-8A591131E6F5}.Debug|Any CPU.Build.0 = Debug|Any CPU
		{3643A054-9A6E-4EBE-B688-8A591131E6F5}.Debug|x64.ActiveCfg = Debug|x64
		{3643A054-9A6E-4EBE-B688-8A591131E6F5}.Debug|x64.Build.0 = Debug|x64
		{3643A054-9A6E-4EBE-B688-8A591131E6F5}.Debug|x86.ActiveCfg = Debug|x86
		{3643A054-9A6E-4EBE-B688-8A591131E6F5}.Debug|x86.Build.0 = Debug|x86
		{3643A054-9A6E-4EBE-B688-8A591131E6F5}.Release|Any CPU.ActiveCfg = Release|Any CPU
		{3643A054-9A6E-4EBE-B688-8A591131E6F5}.Release|Any CPU.Build.0 = Release|Any CPU
		{3643A054-9A6E-4EBE-B688-8A591131E6F5}.Release|x64.ActiveCfg = Release|x64
		{3643A054-9A6E-4EBE-B688-8A591131E6F5}.Release|x64.Build.0 = Release|x64
		{3643A054-9A6E-4EBE-B688-8A591131E6F5}.Release|x86.ActiveCfg = Release|x86
		{3643A054-9A6E-4EBE-B688-8A591131E6F5}.Release|x86.Build.0 = Release|x86
	EndGlobalSection
	GlobalSection(SolutionProperties) = preSolution
		HideSolutionNode = FALSE
	EndGlobalSection
	GlobalSection(NestedProjects) = preSolution
		{E4A9F394-B618-4F50-8D42-5EC04E5A1683} = {B1DAD8E4-9993-4087-9025-46576EA78ABB}
		{54DA2E75-527D-435F-9712-C94A9E312ABA} = {B1DAD8E4-9993-4087-9025-46576EA78ABB}
		{CE9EA20D-F39B-4F28-B17E-A4972D1F2C2C} = {B1DAD8E4-9993-4087-9025-46576EA78ABB}
		{DFE22FA4-978C-4113-9F0A-F2FDC717A508} = {B1DAD8E4-9993-4087-9025-46576EA78ABB}
		{F4CBE8EF-FDDB-46E1-BBBB-E081136F33C7} = {B1DAD8E4-9993-4087-9025-46576EA78ABB}
		{1D510E0B-912C-4D24-9446-E96AE74F3C27} = {B1DAD8E4-9993-4087-9025-46576EA78ABB}
		{1022DF95-D4B0-45D9-BE7F-57C4832A3B6E} = {B1DAD8E4-9993-4087-9025-46576EA78ABB}
		{3643A054-9A6E-4EBE-B688-8A591131E6F5} = {B1DAD8E4-9993-4087-9025-46576EA78ABB}
		{2A9344F0-9E8B-416F-A604-C975F2E7BE5B} = {67FC117E-C7EC-4B7C-B105-D76E11435E06}
		{447C6CB4-75D4-4E42-96CB-A4ABF2739805} = {67FC117E-C7EC-4B7C-B105-D76E11435E06}
		{41C46592-B6C1-474F-A09E-E2A68E63F90D} = {67FC117E-C7EC-4B7C-B105-D76E11435E06}
		{9AE6C898-D2C8-4104-BC3F-8BB07C143C1E} = {DB763CA9-15C1-4324-A0D3-8141124DA8C2}
		{73A39EBC-2060-485F-99C2-7C0EE8F89AC7} = {DB763CA9-15C1-4324-A0D3-8141124DA8C2}
		{F7FF8C72-1AD6-4066-AD57-38D67088E787} = {DB763CA9-15C1-4324-A0D3-8141124DA8C2}
	EndGlobalSection
EndGlobal
